
Microsoft Visual Studio Solution File, Format Version 12.00
# Visual Studio Version 17
VisualStudioVersion = 17.10.34928.147
MinimumVisualStudioVersion = 10.0.40219.1
Project("{888888A0-9F3D-457C-B088-3A5042F75D52}") = "ScorePredictor", "ScorePredictor\ScorePredictor.pyproj", "{35BDF0EF-6CE0-45A6-91F3-68DC2360D8DA}"
EndProject
Global
	GlobalSection(SolutionConfigurationPlatforms) = preSolution
		Debug|Any CPU = Debug|Any CPU
		Release|Any CPU = Release|Any CPU
	EndGlobalSection
	GlobalSection(ProjectConfigurationPlatforms) = postSolution
		{35BDF0EF-6CE0-45A6-91F3-68DC2360D8DA}.Debug|Any CPU.ActiveCfg = Debug|Any CPU
		{35BDF0EF-6CE0-45A6-91F3-68DC2360D8DA}.Release|Any CPU.ActiveCfg = Release|Any CPU
	EndGlobalSection
	GlobalSection(SolutionProperties) = preSolution
		HideSolutionNode = FALSE
	EndGlobalSection
	GlobalSection(ExtensibilityGlobals) = postSolution
		SolutionGuid = {C7506F31-DC30-4348-826F-58413C12308D}
	EndGlobalSection
EndGlobal
